
Microsoft Visual Studio Solution File, Format Version 12.00
Project("{FAE04EC0-301F-11D3-BF4B-00C04F79EFBC}") = "LeetcodeTest.Array", "LeetcodeTest.Array\LeetcodeTest.Array.csproj", "{54DD8090-AB55-4766-B43C-AF776663BACA}"
EndProject
Project("{FAE04EC0-301F-11D3-BF4B-00C04F79EFBC}") = "LeetcodeTest.Trees", "LeetcodeTest.Trees\LeetcodeTest.Trees.csproj", "{9CDB49A4-9904-462A-BF9C-5583F8A1977F}"
EndProject
Global
	GlobalSection(SolutionConfigurationPlatforms) = preSolution
		Debug|Any CPU = Debug|Any CPU
		Release|Any CPU = Release|Any CPU
	EndGlobalSection
	GlobalSection(ProjectConfigurationPlatforms) = postSolution
		{54DD8090-AB55-4766-B43C-AF776663BACA}.Debug|Any CPU.ActiveCfg = Debug|Any CPU
		{54DD8090-AB55-4766-B43C-AF776663BACA}.Debug|Any CPU.Build.0 = Debug|Any CPU
		{54DD8090-AB55-4766-B43C-AF776663BACA}.Release|Any CPU.ActiveCfg = Release|Any CPU
		{54DD8090-AB55-4766-B43C-AF776663BACA}.Release|Any CPU.Build.0 = Release|Any CPU
		{9CDB49A4-9904-462A-BF9C-5583F8A1977F}.Debug|Any CPU.ActiveCfg = Debug|Any CPU
		{9CDB49A4-9904-462A-BF9C-5583F8A1977F}.Debug|Any CPU.Build.0 = Debug|Any CPU
		{9CDB49A4-9904-462A-BF9C-5583F8A1977F}.Release|Any CPU.ActiveCfg = Release|Any CPU
		{9CDB49A4-9904-462A-BF9C-5583F8A1977F}.Release|Any CPU.Build.0 = Release|Any CPU
	EndGlobalSection
EndGlobal
